
Microsoft Visual Studio Solution File, Format Version 12.00
# Visual Studio 15
VisualStudioVersion = 15.0.28010.2016
MinimumVisualStudioVersion = 10.0.40219.1
Project("{9A19103F-16F7-4668-BE54-9A1E7A4F7556}") = "DDSReader.Console", "DDSReader.Console\DDSReader.Console.csproj", "{E0B6FDBF-7746-4791-A7BC-D0C08CB79BD3}"
EndProject
Project("{FAE04EC0-301F-11D3-BF4B-00C04F79EFBC}") = "DDSReader", "DDSReader\DDSReader.csproj", "{4EBD0AB0-E243-4152-BF95-9CF33466134C}"
EndProject
Global
	GlobalSection(SolutionConfigurationPlatforms) = preSolution
		Debug|Any CPU = Debug|Any CPU
		Release|Any CPU = Release|Any CPU
	EndGlobalSection
	GlobalSection(ProjectConfigurationPlatforms) = postSolution
		{E0B6FDBF-7746-4791-A7BC-D0C08CB79BD3}.Debug|Any CPU.ActiveCfg = Debug|Any CPU
		{E0B6FDBF-7746-4791-A7BC-D0C08CB79BD3}.Debug|Any CPU.Build.0 = Debug|Any CPU
		{E0B6FDBF-7746-4791-A7BC-D0C08CB79BD3}.Release|Any CPU.ActiveCfg = Release|Any CPU
		{E0B6FDBF-7746-4791-A7BC-D0C08CB79BD3}.Release|Any CPU.Build.0 = Release|Any CPU
		{4EBD0AB0-E243-4152-BF95-9CF33466134C}.Debug|Any CPU.ActiveCfg = Debug|Any CPU
		{4EBD0AB0-E243-4152-BF95-9CF33466134C}.Debug|Any CPU.Build.0 = Debug|Any CPU
		{4EBD0AB0-E243-4152-BF95-9CF33466134C}.Release|Any CPU.ActiveCfg = Release|Any CPU
		{4EBD0AB0-E243-4152-BF95-9CF33466134C}.Release|Any CPU.Build.0 = Release|Any CPU
	EndGlobalSection
	GlobalSection(SolutionProperties) = preSolution
		HideSolutionNode = FALSE
	EndGlobalSection
	GlobalSection(ExtensibilityGlobals) = postSolution
		SolutionGuid = {FAA09F47-876D-4002-A44C-8ED9B1630824}
	EndGlobalSection
EndGlobal
